
Microsoft Visual Studio Solution File, Format Version 12.00
# Visual Studio Version 17
VisualStudioVersion = 17.0.31717.71
MinimumVisualStudioVersion = 10.0.40219.1
Project("{9A19103F-16F7-4668-BE54-9A1E7A4F7556}") = "KGySoft.Drawing.ImagingTools", "KGySoft.Drawing.ImagingTools\KGySoft.Drawing.ImagingTools.csproj", "{9080594A-56AA-41E5-9D9A-A23C39A1648A}"
EndProject
Project("{2150E333-8FDC-42A3-9474-1A3956D46DE8}") = "_Solution Items", "_Solution Items", "{CA8E7B44-9FA9-4ABD-A337-4C930802F22E}"
	ProjectSection(SolutionItems) = preProject
		.editorconfig = .editorconfig
		changelog.txt = changelog.txt
		LICENSE = LICENSE
		README.md = README.md
	EndProjectSection
EndProject
Project("{2150E333-8FDC-42A3-9474-1A3956D46DE8}") = "VSIX", "VSIX", "{21E5CF27-6EA7-4333-9D70-558054B58C22}"
EndProject
Project("{D954291E-2A0B-460D-934E-DC6B0785DB48}") = "KGySoft.Drawing.DebuggerVisualizers.Package", "VSIX\KGySoft.Drawing.DebuggerVisualizers.Package\KGySoft.Drawing.DebuggerVisualizers.Package.shproj", "{5FB996A6-1344-4297-BBF5-6CED26D5A699}"
EndProject
Project("{FAE04EC0-301F-11D3-BF4B-00C04F79EFBC}") = "KGySoft.Drawing.DebuggerVisualizers.Package.x86", "VSIX\KGySoft.Drawing.DebuggerVisualizers.Package.x86\KGySoft.Drawing.DebuggerVisualizers.Package.x86.csproj", "{6C5B3A51-884F-456B-8E36-071813D2D5EC}"
EndProject
Project("{FAE04EC0-301F-11D3-BF4B-00C04F79EFBC}") = "KGySoft.Drawing.DebuggerVisualizers.Package.x64", "VSIX\KGySoft.Drawing.DebuggerVisualizers.Package.x64\KGySoft.Drawing.DebuggerVisualizers.Package.x64.csproj", "{B8A718CB-1F21-4E26-98CF-34CB27D2CD25}"
EndProject
Project("{2150E333-8FDC-42A3-9474-1A3956D46DE8}") = "DebuggerVisualizers", "DebuggerVisualizers", "{3E3D796B-752E-45EA-9A24-50A40141EFC1}"
EndProject
Project("{2150E333-8FDC-42A3-9474-1A3956D46DE8}") = "GdiPlus", "GdiPlus", "{7F4C3787-BB13-458C-B333-767B802C6DBF}"
EndProject
Project("{2150E333-8FDC-42A3-9474-1A3956D46DE8}") = "Wpf", "Wpf", "{B7D59D6F-2A2B-45EE-9D49-09236CFB7A86}"
EndProject
Project("{9A19103F-16F7-4668-BE54-9A1E7A4F7556}") = "KGySoft.Drawing.DebuggerVisualizers", "DebuggerVisualizers\_Common\DebuggerVisualizers\KGySoft.Drawing.DebuggerVisualizers.csproj", "{65BEDD4F-6BD0-44CB-9E61-99FEB6A600F0}"
EndProject
Project("{9A19103F-16F7-4668-BE54-9A1E7A4F7556}") = "KGySoft.Drawing.DebuggerVisualizers.GdiPlus", "DebuggerVisualizers\GdiPlus\DebuggerVisualizers\KGySoft.Drawing.DebuggerVisualizers.GdiPlus.csproj", "{6FDA8750-E12B-4DB0-8208-B0014D399F2D}"
EndProject
Project("{9A19103F-16F7-4668-BE54-9A1E7A4F7556}") = "KGySoft.Drawing.DebuggerVisualizers.GdiPlus.Test", "DebuggerVisualizers\GdiPlus\Test\KGySoft.Drawing.DebuggerVisualizers.GdiPlus.Test.csproj", "{82F140D9-ED5D-4E64-A8E4-8F556FB88AC8}"
EndProject
Project("{9A19103F-16F7-4668-BE54-9A1E7A4F7556}") = "KGySoft.Drawing.DebuggerVisualizers.Wpf", "DebuggerVisualizers\Wpf\DebuggerVisualizers\KGySoft.Drawing.DebuggerVisualizers.Wpf.csproj", "{01A30ABC-DE70-4679-B9F9-C0FD0646C44E}"
EndProject
Project("{9A19103F-16F7-4668-BE54-9A1E7A4F7556}") = "KGySoft.Drawing.DebuggerVisualizers.Wpf.Test", "DebuggerVisualizers\Wpf\Test\KGySoft.Drawing.DebuggerVisualizers.Wpf.Test.csproj", "{868382C1-9C39-4793-94CD-802D00E78B94}"
EndProject
Project("{2150E333-8FDC-42A3-9474-1A3956D46DE8}") = "SkiaSharp", "SkiaSharp", "{8A185B13-9837-4120-ACFA-D5E260A0867F}"
EndProject
Project("{9A19103F-16F7-4668-BE54-9A1E7A4F7556}") = "KGySoft.Drawing.DebuggerVisualizers.SkiaSharp.Test", "DebuggerVisualizers\SkiaSharp\Test\KGySoft.Drawing.DebuggerVisualizers.SkiaSharp.Test.csproj", "{D2374DE6-AEBA-41AC-81E2-20F0AFE96956}"
EndProject
Project("{9A19103F-16F7-4668-BE54-9A1E7A4F7556}") = "KGySoft.Drawing.DebuggerVisualizers.SkiaSharp", "DebuggerVisualizers\SkiaSharp\DebuggerVisualizers\KGySoft.Drawing.DebuggerVisualizers.SkiaSharp.csproj", "{0B4CE14A-370E-478D-9F0D-689210925A6C}"
EndProject
Project("{FAE04EC0-301F-11D3-BF4B-00C04F79EFBC}") = "PackageFixer", "VSIX\PackageFixer\PackageFixer.csproj", "{0D4918CA-E4CB-4DB2-8E73-270CE424F861}"
EndProject
Project("{2150E333-8FDC-42A3-9474-1A3956D46DE8}") = "Core", "Core", "{7E5837D3-F588-4D9E-9108-53D04BB85FC3}"
EndProject
Project("{9A19103F-16F7-4668-BE54-9A1E7A4F7556}") = "KGySoft.Drawing.DebuggerVisualizers.Core", "DebuggerVisualizers\Core\DebuggerVisualizers\KGySoft.Drawing.DebuggerVisualizers.Core.csproj", "{017FA50B-2F4A-4598-A838-D7FD5C71EE0E}"
EndProject
Project("{9A19103F-16F7-4668-BE54-9A1E7A4F7556}") = "KGySoft.Drawing.DebuggerVisualizers.Core.Test", "DebuggerVisualizers\Core\Test\KGySoft.Drawing.DebuggerVisualizers.Core.Test.csproj", "{5AF020A6-F445-4CEB-8767-92EB94297E52}"
EndProject
Project("{FAE04EC0-301F-11D3-BF4B-00C04F79EFBC}") = "KGySoft.Drawing.DebuggerVisualizers.Extension", "VSIX\KGySoft.Drawing.DebuggerVisualizers.Extension\KGySoft.Drawing.DebuggerVisualizers.Extension.csproj", "{1E719C71-B2FF-4F3E-BA89-5AC3F08F6498}"
EndProject
Project("{D954291E-2A0B-460D-934E-DC6B0785DB48}") = "KGySoft.Drawing.DebuggerVisualizers.Test", "DebuggerVisualizers\_Common\Test\KGySoft.Drawing.DebuggerVisualizers.Test.shproj", "{7B54BDE4-0768-457B-8536-5C8E346044F5}"
EndProject
Global
	GlobalSection(SolutionConfigurationPlatforms) = preSolution
		Debug|Any CPU = Debug|Any CPU
		Debug|x86 = Debug|x86
		Release|Any CPU = Release|Any CPU
		Release|x86 = Release|x86
	EndGlobalSection
	GlobalSection(ProjectConfigurationPlatforms) = postSolution
		{9080594A-56AA-41E5-9D9A-A23C39A1648A}.Debug|Any CPU.ActiveCfg = Debug|Any CPU
		{9080594A-56AA-41E5-9D9A-A23C39A1648A}.Debug|Any CPU.Build.0 = Debug|Any CPU
		{9080594A-56AA-41E5-9D9A-A23C39A1648A}.Debug|x86.ActiveCfg = Debug|Any CPU
		{9080594A-56AA-41E5-9D9A-A23C39A1648A}.Debug|x86.Build.0 = Debug|Any CPU
		{9080594A-56AA-41E5-9D9A-A23C39A1648A}.Release|Any CPU.ActiveCfg = Release|Any CPU
		{9080594A-56AA-41E5-9D9A-A23C39A1648A}.Release|Any CPU.Build.0 = Release|Any CPU
		{9080594A-56AA-41E5-9D9A-A23C39A1648A}.Release|x86.ActiveCfg = Release|Any CPU
		{9080594A-56AA-41E5-9D9A-A23C39A1648A}.Release|x86.Build.0 = Release|Any CPU
		{6C5B3A51-884F-456B-8E36-071813D2D5EC}.Debug|Any CPU.ActiveCfg = Debug|Any CPU
		{6C5B3A51-884F-456B-8E36-071813D2D5EC}.Debug|Any CPU.Build.0 = Debug|Any CPU
		{6C5B3A51-884F-456B-8E36-071813D2D5EC}.Debug|x86.ActiveCfg = Debug|x86
		{6C5B3A51-884F-456B-8E36-071813D2D5EC}.Debug|x86.Build.0 = Debug|x86
		{6C5B3A51-884F-456B-8E36-071813D2D5EC}.Release|Any CPU.ActiveCfg = Release|Any CPU
		{6C5B3A51-884F-456B-8E36-071813D2D5EC}.Release|Any CPU.Build.0 = Release|Any CPU
		{6C5B3A51-884F-456B-8E36-071813D2D5EC}.Release|x86.ActiveCfg = Release|x86
		{6C5B3A51-884F-456B-8E36-071813D2D5EC}.Release|x86.Build.0 = Release|x86
		{B8A718CB-1F21-4E26-98CF-34CB27D2CD25}.Debug|Any CPU.ActiveCfg = Debug|Any CPU
		{B8A718CB-1F21-4E26-98CF-34CB27D2CD25}.Debug|Any CPU.Build.0 = Debug|Any CPU
		{B8A718CB-1F21-4E26-98CF-34CB27D2CD25}.Debug|x86.ActiveCfg = Debug|x86
		{B8A718CB-1F21-4E26-98CF-34CB27D2CD25}.Debug|x86.Build.0 = Debug|x86
		{B8A718CB-1F21-4E26-98CF-34CB27D2CD25}.Release|Any CPU.ActiveCfg = Release|Any CPU
		{B8A718CB-1F21-4E26-98CF-34CB27D2CD25}.Release|Any CPU.Build.0 = Release|Any CPU
		{B8A718CB-1F21-4E26-98CF-34CB27D2CD25}.Release|x86.ActiveCfg = Release|x86
		{B8A718CB-1F21-4E26-98CF-34CB27D2CD25}.Release|x86.Build.0 = Release|x86
		{65BEDD4F-6BD0-44CB-9E61-99FEB6A600F0}.Debug|Any CPU.ActiveCfg = Debug|Any CPU
		{65BEDD4F-6BD0-44CB-9E61-99FEB6A600F0}.Debug|Any CPU.Build.0 = Debug|Any CPU
		{65BEDD4F-6BD0-44CB-9E61-99FEB6A600F0}.Debug|x86.ActiveCfg = Debug|Any CPU
		{65BEDD4F-6BD0-44CB-9E61-99FEB6A600F0}.Debug|x86.Build.0 = Debug|Any CPU
		{65BEDD4F-6BD0-44CB-9E61-99FEB6A600F0}.Release|Any CPU.ActiveCfg = Release|Any CPU
		{65BEDD4F-6BD0-44CB-9E61-99FEB6A600F0}.Release|Any CPU.Build.0 = Release|Any CPU
		{65BEDD4F-6BD0-44CB-9E61-99FEB6A600F0}.Release|x86.ActiveCfg = Release|Any CPU
		{65BEDD4F-6BD0-44CB-9E61-99FEB6A600F0}.Release|x86.Build.0 = Release|Any CPU
		{6FDA8750-E12B-4DB0-8208-B0014D399F2D}.Debug|Any CPU.ActiveCfg = Debug|Any CPU
		{6FDA8750-E12B-4DB0-8208-B0014D399F2D}.Debug|Any CPU.Build.0 = Debug|Any CPU
		{6FDA8750-E12B-4DB0-8208-B0014D399F2D}.Debug|x86.ActiveCfg = Debug|Any CPU
		{6FDA8750-E12B-4DB0-8208-B0014D399F2D}.Debug|x86.Build.0 = Debug|Any CPU
		{6FDA8750-E12B-4DB0-8208-B0014D399F2D}.Release|Any CPU.ActiveCfg = Release|Any CPU
		{6FDA8750-E12B-4DB0-8208-B0014D399F2D}.Release|Any CPU.Build.0 = Release|Any CPU
		{6FDA8750-E12B-4DB0-8208-B0014D399F2D}.Release|x86.ActiveCfg = Release|Any CPU
		{6FDA8750-E12B-4DB0-8208-B0014D399F2D}.Release|x86.Build.0 = Release|Any CPU
		{82F140D9-ED5D-4E64-A8E4-8F556FB88AC8}.Debug|Any CPU.ActiveCfg = Debug|Any CPU
		{82F140D9-ED5D-4E64-A8E4-8F556FB88AC8}.Debug|Any CPU.Build.0 = Debug|Any CPU
		{82F140D9-ED5D-4E64-A8E4-8F556FB88AC8}.Debug|x86.ActiveCfg = Debug|Any CPU
		{82F140D9-ED5D-4E64-A8E4-8F556FB88AC8}.Debug|x86.Build.0 = Debug|Any CPU
		{82F140D9-ED5D-4E64-A8E4-8F556FB88AC8}.Release|Any CPU.ActiveCfg = Release|Any CPU
		{82F140D9-ED5D-4E64-A8E4-8F556FB88AC8}.Release|Any CPU.Build.0 = Release|Any CPU
		{82F140D9-ED5D-4E64-A8E4-8F556FB88AC8}.Release|x86.ActiveCfg = Release|Any CPU
		{82F140D9-ED5D-4E64-A8E4-8F556FB88AC8}.Release|x86.Build.0 = Release|Any CPU
		{01A30ABC-DE70-4679-B9F9-C0FD0646C44E}.Debug|Any CPU.ActiveCfg = Debug|Any CPU
		{01A30ABC-DE70-4679-B9F9-C0FD0646C44E}.Debug|Any CPU.Build.0 = Debug|Any CPU
		{01A30ABC-DE70-4679-B9F9-C0FD0646C44E}.Debug|x86.ActiveCfg = Debug|Any CPU
		{01A30ABC-DE70-4679-B9F9-C0FD0646C44E}.Debug|x86.Build.0 = Debug|Any CPU
		{01A30ABC-DE70-4679-B9F9-C0FD0646C44E}.Release|Any CPU.ActiveCfg = Release|Any CPU
		{01A30ABC-DE70-4679-B9F9-C0FD0646C44E}.Release|Any CPU.Build.0 = Release|Any CPU
		{01A30ABC-DE70-4679-B9F9-C0FD0646C44E}.Release|x86.ActiveCfg = Release|Any CPU
		{01A30ABC-DE70-4679-B9F9-C0FD0646C44E}.Release|x86.Build.0 = Release|Any CPU
		{868382C1-9C39-4793-94CD-802D00E78B94}.Debug|Any CPU.ActiveCfg = Debug|Any CPU
		{868382C1-9C39-4793-94CD-802D00E78B94}.Debug|Any CPU.Build.0 = Debug|Any CPU
		{868382C1-9C39-4793-94CD-802D00E78B94}.Debug|x86.ActiveCfg = Debug|Any CPU
		{868382C1-9C39-4793-94CD-802D00E78B94}.Debug|x86.Build.0 = Debug|Any CPU
		{868382C1-9C39-4793-94CD-802D00E78B94}.Release|Any CPU.ActiveCfg = Release|Any CPU
		{868382C1-9C39-4793-94CD-802D00E78B94}.Release|Any CPU.Build.0 = Release|Any CPU
		{868382C1-9C39-4793-94CD-802D00E78B94}.Release|x86.ActiveCfg = Release|Any CPU
		{868382C1-9C39-4793-94CD-802D00E78B94}.Release|x86.Build.0 = Release|Any CPU
		{D2374DE6-AEBA-41AC-81E2-20F0AFE96956}.Debug|Any CPU.ActiveCfg = Debug|Any CPU
		{D2374DE6-AEBA-41AC-81E2-20F0AFE96956}.Debug|Any CPU.Build.0 = Debug|Any CPU
		{D2374DE6-AEBA-41AC-81E2-20F0AFE96956}.Debug|x86.ActiveCfg = Debug|Any CPU
		{D2374DE6-AEBA-41AC-81E2-20F0AFE96956}.Debug|x86.Build.0 = Debug|Any CPU
		{D2374DE6-AEBA-41AC-81E2-20F0AFE96956}.Release|Any CPU.ActiveCfg = Release|Any CPU
		{D2374DE6-AEBA-41AC-81E2-20F0AFE96956}.Release|Any CPU.Build.0 = Release|Any CPU
		{D2374DE6-AEBA-41AC-81E2-20F0AFE96956}.Release|x86.ActiveCfg = Release|Any CPU
		{D2374DE6-AEBA-41AC-81E2-20F0AFE96956}.Release|x86.Build.0 = Release|Any CPU
		{0B4CE14A-370E-478D-9F0D-689210925A6C}.Debug|Any CPU.ActiveCfg = Debug|Any CPU
		{0B4CE14A-370E-478D-9F0D-689210925A6C}.Debug|Any CPU.Build.0 = Debug|Any CPU
		{0B4CE14A-370E-478D-9F0D-689210925A6C}.Debug|x86.ActiveCfg = Debug|Any CPU
		{0B4CE14A-370E-478D-9F0D-689210925A6C}.Debug|x86.Build.0 = Debug|Any CPU
		{0B4CE14A-370E-478D-9F0D-689210925A6C}.Release|Any CPU.ActiveCfg = Release|Any CPU
		{0B4CE14A-370E-478D-9F0D-689210925A6C}.Release|Any CPU.Build.0 = Release|Any CPU
		{0B4CE14A-370E-478D-9F0D-689210925A6C}.Release|x86.ActiveCfg = Release|Any CPU
		{0B4CE14A-370E-478D-9F0D-689210925A6C}.Release|x86.Build.0 = Release|Any CPU
		{0D4918CA-E4CB-4DB2-8E73-270CE424F861}.Debug|Any CPU.ActiveCfg = Debug|Any CPU
		{0D4918CA-E4CB-4DB2-8E73-270CE424F861}.Debug|Any CPU.Build.0 = Debug|Any CPU
		{0D4918CA-E4CB-4DB2-8E73-270CE424F861}.Debug|x86.ActiveCfg = Debug|Any CPU
		{0D4918CA-E4CB-4DB2-8E73-270CE424F861}.Debug|x86.Build.0 = Debug|Any CPU
		{0D4918CA-E4CB-4DB2-8E73-270CE424F861}.Release|Any CPU.ActiveCfg = Release|Any CPU
		{0D4918CA-E4CB-4DB2-8E73-270CE424F861}.Release|Any CPU.Build.0 = Release|Any CPU
		{0D4918CA-E4CB-4DB2-8E73-270CE424F861}.Release|x86.ActiveCfg = Release|Any CPU
		{0D4918CA-E4CB-4DB2-8E73-270CE424F861}.Release|x86.Build.0 = Release|Any CPU
		{017FA50B-2F4A-4598-A838-D7FD5C71EE0E}.Debug|Any CPU.ActiveCfg = Debug|Any CPU
		{017FA50B-2F4A-4598-A838-D7FD5C71EE0E}.Debug|Any CPU.Build.0 = Debug|Any CPU
		{017FA50B-2F4A-4598-A838-D7FD5C71EE0E}.Debug|x86.ActiveCfg = Debug|Any CPU
		{017FA50B-2F4A-4598-A838-D7FD5C71EE0E}.Debug|x86.Build.0 = Debug|Any CPU
		{017FA50B-2F4A-4598-A838-D7FD5C71EE0E}.Release|Any CPU.ActiveCfg = Release|Any CPU
		{017FA50B-2F4A-4598-A838-D7FD5C71EE0E}.Release|Any CPU.Build.0 = Release|Any CPU
		{017FA50B-2F4A-4598-A838-D7FD5C71EE0E}.Release|x86.ActiveCfg = Release|Any CPU
		{017FA50B-2F4A-4598-A838-D7FD5C71EE0E}.Release|x86.Build.0 = Release|Any CPU
		{5AF020A6-F445-4CEB-8767-92EB94297E52}.Debug|Any CPU.ActiveCfg = Debug|Any CPU
		{5AF020A6-F445-4CEB-8767-92EB94297E52}.Debug|Any CPU.Build.0 = Debug|Any CPU
		{5AF020A6-F445-4CEB-8767-92EB94297E52}.Debug|x86.ActiveCfg = Debug|Any CPU
		{5AF020A6-F445-4CEB-8767-92EB94297E52}.Debug|x86.Build.0 = Debug|Any CPU
		{5AF020A6-F445-4CEB-8767-92EB94297E52}.Release|Any CPU.ActiveCfg = Release|Any CPU
		{5AF020A6-F445-4CEB-8767-92EB94297E52}.Release|Any CPU.Build.0 = Release|Any CPU
		{5AF020A6-F445-4CEB-8767-92EB94297E52}.Release|x86.ActiveCfg = Release|Any CPU
		{5AF020A6-F445-4CEB-8767-92EB94297E52}.Release|x86.Build.0 = Release|Any CPU
		{1E719C71-B2FF-4F3E-BA89-5AC3F08F6498}.Debug|Any CPU.ActiveCfg = Debug|Any CPU
		{1E719C71-B2FF-4F3E-BA89-5AC3F08F6498}.Debug|Any CPU.Build.0 = Debug|Any CPU
		{1E719C71-B2FF-4F3E-BA89-5AC3F08F6498}.Debug|x86.ActiveCfg = Debug|Any CPU
		{1E719C71-B2FF-4F3E-BA89-5AC3F08F6498}.Debug|x86.Build.0 = Debug|Any CPU
		{1E719C71-B2FF-4F3E-BA89-5AC3F08F6498}.Release|Any CPU.ActiveCfg = Release|Any CPU
		{1E719C71-B2FF-4F3E-BA89-5AC3F08F6498}.Release|Any CPU.Build.0 = Release|Any CPU
		{1E719C71-B2FF-4F3E-BA89-5AC3F08F6498}.Release|x86.ActiveCfg = Release|Any CPU
		{1E719C71-B2FF-4F3E-BA89-5AC3F08F6498}.Release|x86.Build.0 = Release|Any CPU
	EndGlobalSection
	GlobalSection(SolutionProperties) = preSolution
		HideSolutionNode = FALSE
	EndGlobalSection
	GlobalSection(NestedProjects) = preSolution
		{5FB996A6-1344-4297-BBF5-6CED26D5A699} = {21E5CF27-6EA7-4333-9D70-558054B58C22}
		{6C5B3A51-884F-456B-8E36-071813D2D5EC} = {21E5CF27-6EA7-4333-9D70-558054B58C22}
		{B8A718CB-1F21-4E26-98CF-34CB27D2CD25} = {21E5CF27-6EA7-4333-9D70-558054B58C22}
		{7F4C3787-BB13-458C-B333-767B802C6DBF} = {3E3D796B-752E-45EA-9A24-50A40141EFC1}
		{B7D59D6F-2A2B-45EE-9D49-09236CFB7A86} = {3E3D796B-752E-45EA-9A24-50A40141EFC1}
		{65BEDD4F-6BD0-44CB-9E61-99FEB6A600F0} = {3E3D796B-752E-45EA-9A24-50A40141EFC1}
		{6FDA8750-E12B-4DB0-8208-B0014D399F2D} = {7F4C3787-BB13-458C-B333-767B802C6DBF}
		{82F140D9-ED5D-4E64-A8E4-8F556FB88AC8} = {7F4C3787-BB13-458C-B333-767B802C6DBF}
		{01A30ABC-DE70-4679-B9F9-C0FD0646C44E} = {B7D59D6F-2A2B-45EE-9D49-09236CFB7A86}
		{868382C1-9C39-4793-94CD-802D00E78B94} = {B7D59D6F-2A2B-45EE-9D49-09236CFB7A86}
		{8A185B13-9837-4120-ACFA-D5E260A0867F} = {3E3D796B-752E-45EA-9A24-50A40141EFC1}
		{D2374DE6-AEBA-41AC-81E2-20F0AFE96956} = {8A185B13-9837-4120-ACFA-D5E260A0867F}
		{0B4CE14A-370E-478D-9F0D-689210925A6C} = {8A185B13-9837-4120-ACFA-D5E260A0867F}
		{0D4918CA-E4CB-4DB2-8E73-270CE424F861} = {21E5CF27-6EA7-4333-9D70-558054B58C22}
		{7E5837D3-F588-4D9E-9108-53D04BB85FC3} = {3E3D796B-752E-45EA-9A24-50A40141EFC1}
		{017FA50B-2F4A-4598-A838-D7FD5C71EE0E} = {7E5837D3-F588-4D9E-9108-53D04BB85FC3}
		{5AF020A6-F445-4CEB-8767-92EB94297E52} = {7E5837D3-F588-4D9E-9108-53D04BB85FC3}
		{1E719C71-B2FF-4F3E-BA89-5AC3F08F6498} = {21E5CF27-6EA7-4333-9D70-558054B58C22}
		{7B54BDE4-0768-457B-8536-5C8E346044F5} = {3E3D796B-752E-45EA-9A24-50A40141EFC1}
	EndGlobalSection
	GlobalSection(ExtensibilityGlobals) = postSolution
		SolutionGuid = {1C6D13FB-5E94-4260-96B6-74BDDFA8F815}
	EndGlobalSection
	GlobalSection(SharedMSBuildProjectFiles) = preSolution
		DebuggerVisualizers\_Common\Test\KGySoft.Drawing.DebuggerVisualizers.Test.projitems*{5af020a6-f445-4ceb-8767-92eb94297e52}*SharedItemsImports = 5
		VSIX\KGySoft.Drawing.DebuggerVisualizers.Package\KGySoft.Drawing.DebuggerVisualizers.Package.projitems*{5fb996a6-1344-4297-bbf5-6ced26d5a699}*SharedItemsImports = 13
		VSIX\KGySoft.Drawing.DebuggerVisualizers.Package\KGySoft.Drawing.DebuggerVisualizers.Package.projitems*{6c5b3a51-884f-456b-8e36-071813d2d5ec}*SharedItemsImports = 4
		DebuggerVisualizers\_Common\Test\KGySoft.Drawing.DebuggerVisualizers.Test.projitems*{7b54bde4-0768-457b-8536-5c8e346044f5}*SharedItemsImports = 13
		DebuggerVisualizers\_Common\Test\KGySoft.Drawing.DebuggerVisualizers.Test.projitems*{82f140d9-ed5d-4e64-a8e4-8f556fb88ac8}*SharedItemsImports = 5
		VSIX\KGySoft.Drawing.DebuggerVisualizers.Package\KGySoft.Drawing.DebuggerVisualizers.Package.projitems*{b8a718cb-1f21-4e26-98cf-34cb27d2cd25}*SharedItemsImports = 5
	EndGlobalSection
EndGlobal
