
Microsoft Visual Studio Solution File, Format Version 12.00
# Visual Studio Version 17
VisualStudioVersion = 17.0.31717.71
MinimumVisualStudioVersion = 10.0.40219.1
Project("{9A19103F-16F7-4668-BE54-9A1E7A4F7556}") = "KGySoft.Drawing.ImagingTools", "KGySoft.Drawing.ImagingTools\KGySoft.Drawing.ImagingTools.csproj", "{9080594A-56AA-41E5-9D9A-A23C39A1648A}"
EndProject
Project("{9A19103F-16F7-4668-BE54-9A1E7A4F7556}") = "KGySoft.Drawing.DebuggerVisualizers", "KGySoft.Drawing.DebuggerVisualizers\KGySoft.Drawing.DebuggerVisualizers.csproj", "{6415C328-A2C2-49C3-B113-B3B8C4E09C22}"
EndProject
Project("{2150E333-8FDC-42A3-9474-1A3956D46DE8}") = "Solution Items", "Solution Items", "{CA8E7B44-9FA9-4ABD-A337-4C930802F22E}"
	ProjectSection(SolutionItems) = preProject
		changelog.txt = changelog.txt
		LICENSE = LICENSE
		README.md = README.md
	EndProjectSection
EndProject
Project("{9A19103F-16F7-4668-BE54-9A1E7A4F7556}") = "KGySoft.Drawing.DebuggerVisualizers.Test", "KGySoft.Drawing.DebuggerVisualizers.Test\KGySoft.Drawing.DebuggerVisualizers.Test.csproj", "{A7629EA9-0A40-4B26-98CA-5EF60BED4657}"
EndProject
Project("{D954291E-2A0B-460D-934E-DC6B0785DB48}") = "KGySoft.Drawing.DebuggerVisualizers.Package", "KGySoft.Drawing.DebuggerVisualizers.Package\KGySoft.Drawing.DebuggerVisualizers.Package.shproj", "{5FB996A6-1344-4297-BBF5-6CED26D5A699}"
EndProject
Project("{FAE04EC0-301F-11D3-BF4B-00C04F79EFBC}") = "KGySoft.Drawing.DebuggerVisualizers.Package.x86", "KGySoft.Drawing.DebuggerVisualizers.Package.x86\KGySoft.Drawing.DebuggerVisualizers.Package.x86.csproj", "{6C5B3A51-884F-456B-8E36-071813D2D5EC}"
EndProject
Project("{FAE04EC0-301F-11D3-BF4B-00C04F79EFBC}") = "KGySoft.Drawing.DebuggerVisualizers.Package.x64", "KGySoft.Drawing.DebuggerVisualizers.Package.x64\KGySoft.Drawing.DebuggerVisualizers.Package.x64.csproj", "{B8A718CB-1F21-4E26-98CF-34CB27D2CD25}"
EndProject
Global
	GlobalSection(SharedMSBuildProjectFiles) = preSolution
		KGySoft.Drawing.DebuggerVisualizers.Package\KGySoft.Drawing.DebuggerVisualizers.Package.projitems*{5fb996a6-1344-4297-bbf5-6ced26d5a699}*SharedItemsImports = 13
		KGySoft.Drawing.DebuggerVisualizers.Package\KGySoft.Drawing.DebuggerVisualizers.Package.projitems*{6c5b3a51-884f-456b-8e36-071813d2d5ec}*SharedItemsImports = 4
		KGySoft.Drawing.DebuggerVisualizers.Package\KGySoft.Drawing.DebuggerVisualizers.Package.projitems*{b8a718cb-1f21-4e26-98cf-34cb27d2cd25}*SharedItemsImports = 4
	EndGlobalSection
	GlobalSection(SolutionConfigurationPlatforms) = preSolution
		Debug|Any CPU = Debug|Any CPU
		Debug|x86 = Debug|x86
		Release|Any CPU = Release|Any CPU
		Release|x86 = Release|x86
	EndGlobalSection
	GlobalSection(ProjectConfigurationPlatforms) = postSolution
		{9080594A-56AA-41E5-9D9A-A23C39A1648A}.Debug|Any CPU.ActiveCfg = Debug|Any CPU
		{9080594A-56AA-41E5-9D9A-A23C39A1648A}.Debug|Any CPU.Build.0 = Debug|Any CPU
		{9080594A-56AA-41E5-9D9A-A23C39A1648A}.Debug|x86.ActiveCfg = Debug|Any CPU
		{9080594A-56AA-41E5-9D9A-A23C39A1648A}.Debug|x86.Build.0 = Debug|Any CPU
		{9080594A-56AA-41E5-9D9A-A23C39A1648A}.Release|Any CPU.ActiveCfg = Release|Any CPU
		{9080594A-56AA-41E5-9D9A-A23C39A1648A}.Release|Any CPU.Build.0 = Release|Any CPU
		{9080594A-56AA-41E5-9D9A-A23C39A1648A}.Release|x86.ActiveCfg = Release|Any CPU
		{9080594A-56AA-41E5-9D9A-A23C39A1648A}.Release|x86.Build.0 = Release|Any CPU
		{6415C328-A2C2-49C3-B113-B3B8C4E09C22}.Debug|Any CPU.ActiveCfg = Debug|Any CPU
		{6415C328-A2C2-49C3-B113-B3B8C4E09C22}.Debug|Any CPU.Build.0 = Debug|Any CPU
		{6415C328-A2C2-49C3-B113-B3B8C4E09C22}.Debug|x86.ActiveCfg = Debug|Any CPU
		{6415C328-A2C2-49C3-B113-B3B8C4E09C22}.Debug|x86.Build.0 = Debug|Any CPU
		{6415C328-A2C2-49C3-B113-B3B8C4E09C22}.Release|Any CPU.ActiveCfg = Release|Any CPU
		{6415C328-A2C2-49C3-B113-B3B8C4E09C22}.Release|Any CPU.Build.0 = Release|Any CPU
		{6415C328-A2C2-49C3-B113-B3B8C4E09C22}.Release|x86.ActiveCfg = Release|Any CPU
		{6415C328-A2C2-49C3-B113-B3B8C4E09C22}.Release|x86.Build.0 = Release|Any CPU
		{A7629EA9-0A40-4B26-98CA-5EF60BED4657}.Debug|Any CPU.ActiveCfg = Debug|Any CPU
		{A7629EA9-0A40-4B26-98CA-5EF60BED4657}.Debug|Any CPU.Build.0 = Debug|Any CPU
		{A7629EA9-0A40-4B26-98CA-5EF60BED4657}.Debug|x86.ActiveCfg = Debug|Any CPU
		{A7629EA9-0A40-4B26-98CA-5EF60BED4657}.Debug|x86.Build.0 = Debug|Any CPU
		{A7629EA9-0A40-4B26-98CA-5EF60BED4657}.Release|Any CPU.ActiveCfg = Release|Any CPU
		{A7629EA9-0A40-4B26-98CA-5EF60BED4657}.Release|Any CPU.Build.0 = Release|Any CPU
		{A7629EA9-0A40-4B26-98CA-5EF60BED4657}.Release|x86.ActiveCfg = Release|Any CPU
		{A7629EA9-0A40-4B26-98CA-5EF60BED4657}.Release|x86.Build.0 = Release|Any CPU
		{6C5B3A51-884F-456B-8E36-071813D2D5EC}.Debug|Any CPU.ActiveCfg = Debug|Any CPU
		{6C5B3A51-884F-456B-8E36-071813D2D5EC}.Debug|Any CPU.Build.0 = Debug|Any CPU
		{6C5B3A51-884F-456B-8E36-071813D2D5EC}.Debug|x86.ActiveCfg = Debug|x86
		{6C5B3A51-884F-456B-8E36-071813D2D5EC}.Debug|x86.Build.0 = Debug|x86
		{6C5B3A51-884F-456B-8E36-071813D2D5EC}.Release|Any CPU.ActiveCfg = Release|Any CPU
		{6C5B3A51-884F-456B-8E36-071813D2D5EC}.Release|Any CPU.Build.0 = Release|Any CPU
		{6C5B3A51-884F-456B-8E36-071813D2D5EC}.Release|x86.ActiveCfg = Release|x86
		{6C5B3A51-884F-456B-8E36-071813D2D5EC}.Release|x86.Build.0 = Release|x86
		{B8A718CB-1F21-4E26-98CF-34CB27D2CD25}.Debug|Any CPU.ActiveCfg = Debug|Any CPU
		{B8A718CB-1F21-4E26-98CF-34CB27D2CD25}.Debug|Any CPU.Build.0 = Debug|Any CPU
		{B8A718CB-1F21-4E26-98CF-34CB27D2CD25}.Debug|x86.ActiveCfg = Debug|x86
		{B8A718CB-1F21-4E26-98CF-34CB27D2CD25}.Debug|x86.Build.0 = Debug|x86
		{B8A718CB-1F21-4E26-98CF-34CB27D2CD25}.Release|Any CPU.ActiveCfg = Release|Any CPU
		{B8A718CB-1F21-4E26-98CF-34CB27D2CD25}.Release|Any CPU.Build.0 = Release|Any CPU
		{B8A718CB-1F21-4E26-98CF-34CB27D2CD25}.Release|x86.ActiveCfg = Release|x86
		{B8A718CB-1F21-4E26-98CF-34CB27D2CD25}.Release|x86.Build.0 = Release|x86
	EndGlobalSection
	GlobalSection(SolutionProperties) = preSolution
		HideSolutionNode = FALSE
	EndGlobalSection
	GlobalSection(ExtensibilityGlobals) = postSolution
		SolutionGuid = {1C6D13FB-5E94-4260-96B6-74BDDFA8F815}
	EndGlobalSection
EndGlobal
